// !$*UTF8*$!
{
	archiveVersion = 1;
	classes = {
	};
	objectVersion = 50;
	objects = {

/* Begin PBXBuildFile section */
		5D246D7D241DD1B2008AE756 /* FourthViewController.m in Sources */ = {isa = PBXBuildFile; fileRef = 5D246D7C241DD1B2008AE756 /* FourthViewController.m */; };
		5D246D7F241DDCB4008AE756 /* QuartzCore.framework in Frameworks */ = {isa = PBXBuildFile; fileRef = 5D246D7E241DDCB4008AE756 /* QuartzCore.framework */; };
		5D776F88241C1ECE009E28FB /* AppDelegate.m in Sources */ = {isa = PBXBuildFile; fileRef = 5D776F87241C1ECE009E28FB /* AppDelegate.m */; };
		5D776F8B241C1ECE009E28FB /* SceneDelegate.m in Sources */ = {isa = PBXBuildFile; fileRef = 5D776F8A241C1ECE009E28FB /* SceneDelegate.m */; };
		5D776F8E241C1ECE009E28FB /* ViewController.m in Sources */ = {isa = PBXBuildFile; fileRef = 5D776F8D241C1ECE009E28FB /* ViewController.m */; };
		5D776F91241C1ECE009E28FB /* Main.storyboard in Resources */ = {isa = PBXBuildFile; fileRef = 5D776F8F241C1ECE009E28FB /* Main.storyboard */; };
		5D776F93241C1ECE009E28FB /* Assets.xcassets in Resources */ = {isa = PBXBuildFile; fileRef = 5D776F92241C1ECE009E28FB /* Assets.xcassets */; };
		5D776F96241C1ECE009E28FB /* LaunchScreen.storyboard in Resources */ = {isa = PBXBuildFile; fileRef = 5D776F94241C1ECE009E28FB /* LaunchScreen.storyboard */; };
		5D776F99241C1ECE009E28FB /* main.m in Sources */ = {isa = PBXBuildFile; fileRef = 5D776F98241C1ECE009E28FB /* main.m */; };
		5D776FA1241C2DC7009E28FB /* SecondViewController.m in Sources */ = {isa = PBXBuildFile; fileRef = 5D776FA0241C2DC7009E28FB /* SecondViewController.m */; };
		5D776FA5241C463F009E28FB /* me.JPG in Resources */ = {isa = PBXBuildFile; fileRef = 5D776FA4241C463F009E28FB /* me.JPG */; };
		5D776FA8241C49E9009E28FB /* ThirdViewController.m in Sources */ = {isa = PBXBuildFile; fileRef = 5D776FA7241C49E9009E28FB /* ThirdViewController.m */; };
		5D776FAD241C777A009E28FB /* CoreGraphics.framework in Frameworks */ = {isa = PBXBuildFile; fileRef = 5D776FAC241C777A009E28FB /* CoreGraphics.framework */; };
		5D776FAF241C78A0009E28FB /* UIKit.framework in Frameworks */ = {isa = PBXBuildFile; fileRef = 5D776FAE241C78A0009E28FB /* UIKit.framework */; };
		5D776FB2241C7A97009E28FB /* DrawView.m in Sources */ = {isa = PBXBuildFile; fileRef = 5D776FB1241C7A97009E28FB /* DrawView.m */; };
		5D93479C2429A95E0038795C /* paddle.png in Resources */ = {isa = PBXBuildFile; fileRef = 5D93479B2429A95E0038795C /* paddle.png */; };
		5D93479E2429A9680038795C /* ball.png in Resources */ = {isa = PBXBuildFile; fileRef = 5D93479D2429A9680038795C /* ball.png */; };
/* End PBXBuildFile section */

/* Begin PBXFileReference section */
		5D246D7B241DD1B2008AE756 /* FourthViewController.h */ = {isa = PBXFileReference; lastKnownFileType = sourcecode.c.h; path = FourthViewController.h; sourceTree = "<group>"; };
		5D246D7C241DD1B2008AE756 /* FourthViewController.m */ = {isa = PBXFileReference; lastKnownFileType = sourcecode.c.objc; path = FourthViewController.m; sourceTree = "<group>"; };
		5D246D7E241DDCB4008AE756 /* QuartzCore.framework */ = {isa = PBXFileReference; lastKnownFileType = wrapper.framework; name = QuartzCore.framework; path = System/Library/Frameworks/QuartzCore.framework; sourceTree = SDKROOT; };
		5D776F83241C1ECE009E28FB /* Animation.app */ = {isa = PBXFileReference; explicitFileType = wrapper.application; includeInIndex = 0; path = Animation.app; sourceTree = BUILT_PRODUCTS_DIR; };
		5D776F86241C1ECE009E28FB /* AppDelegate.h */ = {isa = PBXFileReference; lastKnownFileType = sourcecode.c.h; path = AppDelegate.h; sourceTree = "<group>"; };
		5D776F87241C1ECE009E28FB /* AppDelegate.m */ = {isa = PBXFileReference; lastKnownFileType = sourcecode.c.objc; path = AppDelegate.m; sourceTree = "<group>"; };
		5D776F89241C1ECE009E28FB /* SceneDelegate.h */ = {isa = PBXFileReference; lastKnownFileType = sourcecode.c.h; path = SceneDelegate.h; sourceTree = "<group>"; };
		5D776F8A241C1ECE009E28FB /* SceneDelegate.m */ = {isa = PBXFileReference; lastKnownFileType = sourcecode.c.objc; path = SceneDelegate.m; sourceTree = "<group>"; };
		5D776F8C241C1ECE009E28FB /* ViewController.h */ = {isa = PBXFileReference; lastKnownFileType = sourcecode.c.h; path = ViewController.h; sourceTree = "<group>"; };
		5D776F8D241C1ECE009E28FB /* ViewController.m */ = {isa = PBXFileReference; lastKnownFileType = sourcecode.c.objc; path = ViewController.m; sourceTree = "<group>"; };
		5D776F90241C1ECE009E28FB /* Base */ = {isa = PBXFileReference; lastKnownFileType = file.storyboard; name = Base; path = Base.lproj/Main.storyboard; sourceTree = "<group>"; };
		5D776F92241C1ECE009E28FB /* Assets.xcassets */ = {isa = PBXFileReference; lastKnownFileType = folder.assetcatalog; path = Assets.xcassets; sourceTree = "<group>"; };
		5D776F95241C1ECE009E28FB /* Base */ = {isa = PBXFileReference; lastKnownFileType = file.storyboard; name = Base; path = Base.lproj/LaunchScreen.storyboard; sourceTree = "<group>"; };
		5D776F97241C1ECE009E28FB /* Info.plist */ = {isa = PBXFileReference; lastKnownFileType = text.plist.xml; path = Info.plist; sourceTree = "<group>"; };
		5D776F98241C1ECE009E28FB /* main.m */ = {isa = PBXFileReference; lastKnownFileType = sourcecode.c.objc; path = main.m; sourceTree = "<group>"; };
		5D776F9F241C2DC7009E28FB /* SecondViewController.h */ = {isa = PBXFileReference; lastKnownFileType = sourcecode.c.h; path = SecondViewController.h; sourceTree = "<group>"; };
		5D776FA0241C2DC7009E28FB /* SecondViewController.m */ = {isa = PBXFileReference; lastKnownFileType = sourcecode.c.objc; path = SecondViewController.m; sourceTree = "<group>"; };
		5D776FA4241C463F009E28FB /* me.JPG */ = {isa = PBXFileReference; lastKnownFileType = image.jpeg; path = me.JPG; sourceTree = "<group>"; };
		5D776FA6241C49E9009E28FB /* ThirdViewController.h */ = {isa = PBXFileReference; lastKnownFileType = sourcecode.c.h; path = ThirdViewController.h; sourceTree = "<group>"; };
		5D776FA7241C49E9009E28FB /* ThirdViewController.m */ = {isa = PBXFileReference; lastKnownFileType = sourcecode.c.objc; path = ThirdViewController.m; sourceTree = "<group>"; };
		5D776FAC241C777A009E28FB /* CoreGraphics.framework */ = {isa = PBXFileReference; lastKnownFileType = wrapper.framework; name = CoreGraphics.framework; path = System/Library/Frameworks/CoreGraphics.framework; sourceTree = SDKROOT; };
		5D776FAE241C78A0009E28FB /* UIKit.framework */ = {isa = PBXFileReference; lastKnownFileType = wrapper.framework; name = UIKit.framework; path = System/Library/Frameworks/UIKit.framework; sourceTree = SDKROOT; };
		5D776FB0241C7A97009E28FB /* DrawView.h */ = {isa = PBXFileReference; lastKnownFileType = sourcecode.c.h; path = DrawView.h; sourceTree = "<group>"; };
		5D776FB1241C7A97009E28FB /* DrawView.m */ = {isa = PBXFileReference; lastKnownFileType = sourcecode.c.objc; path = DrawView.m; sourceTree = "<group>"; };
		5D93479B2429A95E0038795C /* paddle.png */ = {isa = PBXFileReference; lastKnownFileType = image.png; path = paddle.png; sourceTree = "<group>"; };
		5D93479D2429A9680038795C /* ball.png */ = {isa = PBXFileReference; lastKnownFileType = image.png; path = ball.png; sourceTree = "<group>"; };
/* End PBXFileReference section */

/* Begin PBXFrameworksBuildPhase section */
		5D776F80241C1ECE009E28FB /* Frameworks */ = {
			isa = PBXFrameworksBuildPhase;
			buildActionMask = 2147483647;
			files = (
				5D776FAD241C777A009E28FB /* CoreGraphics.framework in Frameworks */,
				5D776FAF241C78A0009E28FB /* UIKit.framework in Frameworks */,
				5D246D7F241DDCB4008AE756 /* QuartzCore.framework in Frameworks */,
			);
			runOnlyForDeploymentPostprocessing = 0;
		};
/* End PBXFrameworksBuildPhase section */

/* Begin PBXGroup section */
		5D776F7A241C1ECE009E28FB = {
			isa = PBXGroup;
			children = (
				5D776F85241C1ECE009E28FB /* Animation */,
				5D776F84241C1ECE009E28FB /* Products */,
				5D776FA9241C770F009E28FB /* Frameworks */,
			);
			sourceTree = "<group>";
		};
		5D776F84241C1ECE009E28FB /* Products */ = {
			isa = PBXGroup;
			children = (
				5D776F83241C1ECE009E28FB /* Animation.app */,
			);
			name = Products;
			sourceTree = "<group>";
		};
		5D776F85241C1ECE009E28FB /* Animation */ = {
			isa = PBXGroup;
			children = (
				5D776F8F241C1ECE009E28FB /* Main.storyboard */,
				5D776F86241C1ECE009E28FB /* AppDelegate.h */,
				5D776F87241C1ECE009E28FB /* AppDelegate.m */,
				5D776F89241C1ECE009E28FB /* SceneDelegate.h */,
				5D776F8A241C1ECE009E28FB /* SceneDelegate.m */,
				5D776F8C241C1ECE009E28FB /* ViewController.h */,
				5D776F8D241C1ECE009E28FB /* ViewController.m */,
				5D776F9F241C2DC7009E28FB /* SecondViewController.h */,
				5D776FA0241C2DC7009E28FB /* SecondViewController.m */,
				5D776FA6241C49E9009E28FB /* ThirdViewController.h */,
				5D776FA7241C49E9009E28FB /* ThirdViewController.m */,
				5D776FB0241C7A97009E28FB /* DrawView.h */,
				5D776FB1241C7A97009E28FB /* DrawView.m */,
				5D246D7B241DD1B2008AE756 /* FourthViewController.h */,
				5D246D7C241DD1B2008AE756 /* FourthViewController.m */,
				5D776FA4241C463F009E28FB /* me.JPG */,
				5D776F92241C1ECE009E28FB /* Assets.xcassets */,
				5D776F94241C1ECE009E28FB /* LaunchScreen.storyboard */,
				5D776F97241C1ECE009E28FB /* Info.plist */,
				5D776F98241C1ECE009E28FB /* main.m */,
				5D93479B2429A95E0038795C /* paddle.png */,
				5D93479D2429A9680038795C /* ball.png */,
			);
			path = Animation;
			sourceTree = "<group>";
		};
		5D776FA9241C770F009E28FB /* Frameworks */ = {
			isa = PBXGroup;
			children = (
				5D246D7E241DDCB4008AE756 /* QuartzCore.framework */,
				5D776FAE241C78A0009E28FB /* UIKit.framework */,
				5D776FAC241C777A009E28FB /* CoreGraphics.framework */,
			);
			name = Frameworks;
			sourceTree = "<group>";
		};
/* End PBXGroup section */

/* Begin PBXNativeTarget section */
		5D776F82241C1ECE009E28FB /* Animation */ = {
			isa = PBXNativeTarget;
			buildConfigurationList = 5D776F9C241C1ECE009E28FB /* Build configuration list for PBXNativeTarget "Animation" */;
			buildPhases = (
				5D776F7F241C1ECE009E28FB /* Sources */,
				5D776F80241C1ECE009E28FB /* Frameworks */,
				5D776F81241C1ECE009E28FB /* Resources */,
			);
			buildRules = (
			);
			dependencies = (
			);
			name = Animation;
			productName = games;
			productReference = 5D776F83241C1ECE009E28FB /* Animation.app */;
			productType = "com.apple.product-type.application";
		};
/* End PBXNativeTarget section */

/* Begin PBXProject section */
		5D776F7B241C1ECE009E28FB /* Project object */ = {
			isa = PBXProject;
			attributes = {
				LastUpgradeCheck = 1130;
				ORGANIZATIONNAME = JenLopez;
				TargetAttributes = {
					5D776F82241C1ECE009E28FB = {
						CreatedOnToolsVersion = 11.3.1;
					};
				};
			};
			buildConfigurationList = 5D776F7E241C1ECE009E28FB /* Build configuration list for PBXProject "Animation" */;
			compatibilityVersion = "Xcode 9.3";
			developmentRegion = en;
			hasScannedForEncodings = 0;
			knownRegions = (
				en,
				Base,
			);
			mainGroup = 5D776F7A241C1ECE009E28FB;
			productRefGroup = 5D776F84241C1ECE009E28FB /* Products */;
			projectDirPath = "";
			projectRoot = "";
			targets = (
				5D776F82241C1ECE009E28FB /* Animation */,
			);
		};
/* End PBXProject section */

/* Begin PBXResourcesBuildPhase section */
		5D776F81241C1ECE009E28FB /* Resources */ = {
			isa = PBXResourcesBuildPhase;
			buildActionMask = 2147483647;
			files = (
				5D776F96241C1ECE009E28FB /* LaunchScreen.storyboard in Resources */,
				5D93479C2429A95E0038795C /* paddle.png in Resources */,
				5D93479E2429A9680038795C /* ball.png in Resources */,
				5D776F93241C1ECE009E28FB /* Assets.xcassets in Resources */,
				5D776F91241C1ECE009E28FB /* Main.storyboard in Resources */,
				5D776FA5241C463F009E28FB /* me.JPG in Resources */,
			);
			runOnlyForDeploymentPostprocessing = 0;
		};
/* End PBXResourcesBuildPhase section */

/* Begin PBXSourcesBuildPhase section */
		5D776F7F241C1ECE009E28FB /* Sources */ = {
			isa = PBXSourcesBuildPhase;
			buildActionMask = 2147483647;
			files = (
				5D246D7D241DD1B2008AE756 /* FourthViewController.m in Sources */,
				5D776FA1241C2DC7009E28FB /* SecondViewController.m in Sources */,
				5D776F8E241C1ECE009E28FB /* ViewController.m in Sources */,
				5D776FA8241C49E9009E28FB /* ThirdViewController.m in Sources */,
				5D776F88241C1ECE009E28FB /* AppDelegate.m in Sources */,
				5D776FB2241C7A97009E28FB /* DrawView.m in Sources */,
				5D776F99241C1ECE009E28FB /* main.m in Sources */,
				5D776F8B241C1ECE009E28FB /* SceneDelegate.m in Sources */,
			);
			runOnlyForDeploymentPostprocessing = 0;
		};
/* End PBXSourcesBuildPhase section */

/* Begin PBXVariantGroup section */
		5D776F8F241C1ECE009E28FB /* Main.storyboard */ = {
			isa = PBXVariantGroup;
			children = (
				5D776F90241C1ECE009E28FB /* Base */,
			);
			name = Main.storyboard;
			sourceTree = "<group>";
		};
		5D776F94241C1ECE009E28FB /* LaunchScreen.storyboard */ = {
			isa = PBXVariantGroup;
			children = (
				5D776F95241C1ECE009E28FB /* Base */,
			);
			name = LaunchScreen.storyboard;
			sourceTree = "<group>";
		};
/* End PBXVariantGroup section */

/* Begin XCBuildConfiguration section */
		5D776F9A241C1ECE009E28FB /* Debug */ = {
			isa = XCBuildConfiguration;
			buildSettings = {
				ALWAYS_SEARCH_USER_PATHS = NO;
				CLANG_ANALYZER_NONNULL = YES;
				CLANG_ANALYZER_NUMBER_OBJECT_CONVERSION = YES_AGGRESSIVE;
				CLANG_CXX_LANGUAGE_STANDARD = "gnu++14";
				CLANG_CXX_LIBRARY = "libc++";
				CLANG_ENABLE_MODULES = YES;
				CLANG_ENABLE_OBJC_ARC = YES;
				CLANG_ENABLE_OBJC_WEAK = YES;
				CLANG_WARN_BLOCK_CAPTURE_AUTORELEASING = YES;
				CLANG_WARN_BOOL_CONVERSION = YES;
				CLANG_WARN_COMMA = YES;
				CLANG_WARN_CONSTANT_CONVERSION = YES;
				CLANG_WARN_DEPRECATED_OBJC_IMPLEMENTATIONS = YES;
				CLANG_WARN_DIRECT_OBJC_ISA_USAGE = YES_ERROR;
				CLANG_WARN_DOCUMENTATION_COMMENTS = YES;
				CLANG_WARN_EMPTY_BODY = YES;
				CLANG_WARN_ENUM_CONVERSION = YES;
				CLANG_WARN_INFINITE_RECURSION = YES;
				CLANG_WARN_INT_CONVERSION = YES;
				CLANG_WARN_NON_LITERAL_NULL_CONVERSION = YES;
				CLANG_WARN_OBJC_IMPLICIT_RETAIN_SELF = YES;
				CLANG_WARN_OBJC_LITERAL_CONVERSION = YES;
				CLANG_WARN_OBJC_ROOT_CLASS = YES_ERROR;
				CLANG_WARN_RANGE_LOOP_ANALYSIS = YES;
				CLANG_WARN_STRICT_PROTOTYPES = YES;
				CLANG_WARN_SUSPICIOUS_MOVE = YES;
				CLANG_WARN_UNGUARDED_AVAILABILITY = YES_AGGRESSIVE;
				CLANG_WARN_UNREACHABLE_CODE = YES;
				CLANG_WARN__DUPLICATE_METHOD_MATCH = YES;
				COPY_PHASE_STRIP = NO;
				DEBUG_INFORMATION_FORMAT = dwarf;
				ENABLE_STRICT_OBJC_MSGSEND = YES;
				ENABLE_TESTABILITY = YES;
				GCC_C_LANGUAGE_STANDARD = gnu11;
				GCC_DYNAMIC_NO_PIC = NO;
				GCC_NO_COMMON_BLOCKS = YES;
				GCC_OPTIMIZATION_LEVEL = 0;
				GCC_PREPROCESSOR_DEFINITIONS = (
					"DEBUG=1",
					"$(inherited)",
				);
				GCC_WARN_64_TO_32_BIT_CONVERSION = YES;
				GCC_WARN_ABOUT_RETURN_TYPE = YES_ERROR;
				GCC_WARN_UNDECLARED_SELECTOR = YES;
				GCC_WARN_UNINITIALIZED_AUTOS = YES_AGGRESSIVE;
				GCC_WARN_UNUSED_FUNCTION = YES;
				GCC_WARN_UNUSED_VARIABLE = YES;
				IPHONEOS_DEPLOYMENT_TARGET = 13.2;
				MTL_ENABLE_DEBUG_INFO = INCLUDE_SOURCE;
				MTL_FAST_MATH = YES;
				ONLY_ACTIVE_ARCH = YES;
				SDKROOT = iphoneos;
			};
			name = Debug;
		};
		5D776F9B241C1ECE009E28FB /* Release */ = {
			isa = XCBuildConfiguration;
			buildSettings = {
				ALWAYS_SEARCH_USER_PATHS = NO;
				CLANG_ANALYZER_NONNULL = YES;
				CLANG_ANALYZER_NUMBER_OBJECT_CONVERSION = YES_AGGRESSIVE;
				CLANG_CXX_LANGUAGE_STANDARD = "gnu++14";
				CLANG_CXX_LIBRARY = "libc++";
				CLANG_ENABLE_MODULES = YES;
				CLANG_ENABLE_OBJC_ARC = YES;
				CLANG_ENABLE_OBJC_WEAK = YES;
				CLANG_WARN_BLOCK_CAPTURE_AUTORELEASING = YES;
				CLANG_WARN_BOOL_CONVERSION = YES;
				CLANG_WARN_COMMA = YES;
				CLANG_WARN_CONSTANT_CONVERSION = YES;
				CLANG_WARN_DEPRECATED_OBJC_IMPLEMENTATIONS = YES;
				CLANG_WARN_DIRECT_OBJC_ISA_USAGE = YES_ERROR;
				CLANG_WARN_DOCUMENTATION_COMMENTS = YES;
				CLANG_WARN_EMPTY_BODY = YES;
				CLANG_WARN_ENUM_CONVERSION = YES;
				CLANG_WARN_INFINITE_RECURSION = YES;
				CLANG_WARN_INT_CONVERSION = YES;
				CLANG_WARN_NON_LITERAL_NULL_CONVERSION = YES;
				CLANG_WARN_OBJC_IMPLICIT_RETAIN_SELF = YES;
				CLANG_WARN_OBJC_LITERAL_CONVERSION = YES;
				CLANG_WARN_OBJC_ROOT_CLASS = YES_ERROR;
				CLANG_WARN_RANGE_LOOP_ANALYSIS = YES;
				CLANG_WARN_STRICT_PROTOTYPES = YES;
				CLANG_WARN_SUSPICIOUS_MOVE = YES;
				CLANG_WARN_UNGUARDED_AVAILABILITY = YES_AGGRESSIVE;
				CLANG_WARN_UNREACHABLE_CODE = YES;
				CLANG_WARN__DUPLICATE_METHOD_MATCH = YES;
				COPY_PHASE_STRIP = NO;
				DEBUG_INFORMATION_FORMAT = "dwarf-with-dsym";
				ENABLE_NS_ASSERTIONS = NO;
				ENABLE_STRICT_OBJC_MSGSEND = YES;
				GCC_C_LANGUAGE_STANDARD = gnu11;
				GCC_NO_COMMON_BLOCKS = YES;
				GCC_WARN_64_TO_32_BIT_CONVERSION = YES;
				GCC_WARN_ABOUT_RETURN_TYPE = YES_ERROR;
				GCC_WARN_UNDECLARED_SELECTOR = YES;
				GCC_WARN_UNINITIALIZED_AUTOS = YES_AGGRESSIVE;
				GCC_WARN_UNUSED_FUNCTION = YES;
				GCC_WARN_UNUSED_VARIABLE = YES;
				IPHONEOS_DEPLOYMENT_TARGET = 13.2;
				MTL_ENABLE_DEBUG_INFO = NO;
				MTL_FAST_MATH = YES;
				SDKROOT = iphoneos;
				VALIDATE_PRODUCT = YES;
			};
			name = Release;
		};
		5D776F9D241C1ECE009E28FB /* Debug */ = {
			isa = XCBuildConfiguration;
			buildSettings = {
				ASSETCATALOG_COMPILER_APPICON_NAME = AppIcon;
				CODE_SIGN_STYLE = Automatic;
				INFOPLIST_FILE = Animation/Info.plist;
				LD_RUNPATH_SEARCH_PATHS = (
					"$(inherited)",
					"@executable_path/Frameworks",
				);
				PRODUCT_BUNDLE_IDENTIFIER = JenLopez.games;
				PRODUCT_NAME = "$(TARGET_NAME)";
				TARGETED_DEVICE_FAMILY = "1,2";
			};
			name = Debug;
		};
		5D776F9E241C1ECE009E28FB /* Release */ = {
			isa = XCBuildConfiguration;
			buildSettings = {
				ASSETCATALOG_COMPILER_APPICON_NAME = AppIcon;
				CODE_SIGN_STYLE = Automatic;
				INFOPLIST_FILE = Animation/Info.plist;
				LD_RUNPATH_SEARCH_PATHS = (
					"$(inherited)",
					"@executable_path/Frameworks",
				);
				PRODUCT_BUNDLE_IDENTIFIER = JenLopez.games;
				PRODUCT_NAME = "$(TARGET_NAME)";
				TARGETED_DEVICE_FAMILY = "1,2";
			};
			name = Release;
		};
/* End XCBuildConfiguration section */

/* Begin XCConfigurationList section */
		5D776F7E241C1ECE009E28FB /* Build configuration list for PBXProject "Animation" */ = {
			isa = XCConfigurationList;
			buildConfigurations = (
				5D776F9A241C1ECE009E28FB /* Debug */,
				5D776F9B241C1ECE009E28FB /* Release */,
			);
			defaultConfigurationIsVisible = 0;
			defaultConfigurationName = Release;
		};
		5D776F9C241C1ECE009E28FB /* Build configuration list for PBXNativeTarget "Animation" */ = {
			isa = XCConfigurationList;
			buildConfigurations = (
				5D776F9D241C1ECE009E28FB /* Debug */,
				5D776F9E241C1ECE009E28FB /* Release */,
			);
			defaultConfigurationIsVisible = 0;
			defaultConfigurationName = Release;
		};
/* End XCConfigurationList section */
	};
	rootObject = 5D776F7B241C1ECE009E28FB /* Project object */;
}
